
Microsoft Visual Studio Solution File, Format Version 12.00
# Visual Studio Version 17
VisualStudioVersion = 17.11.35327.3
MinimumVisualStudioVersion = 10.0.40219.1
Project("{2150E333-8FDC-42A3-9474-1A3956D46DE8}") = "Lab1", "Lab1", "{217F2CD7-37AC-4F52-B5E6-CC1E6162957A}"
EndProject
Project("{9A19103F-16F7-4668-BE54-9A1E7A4F7556}") = "Tyuiu.NenashevAD.Lab1.Review.V16.Lib", "Tyuiu.NenashevAD.Lab1.Review.V16.Lib\Tyuiu.NenashevAD.Lab1.Review.V16.Lib.csproj", "{089833E1-D337-4E14-A69F-99634731936B}"
EndProject
Project("{9A19103F-16F7-4668-BE54-9A1E7A4F7556}") = "Tyuiu.NenashevAD.Lab1.Review.V16.Test", "Tyuiu.NenashevAD.Lab1.Review.V16.Test\Tyuiu.NenashevAD.Lab1.Review.V16.Test.csproj", "{438026AE-4AA0-4016-A65F-2DDAF17E2809}"
EndProject
Project("{9A19103F-16F7-4668-BE54-9A1E7A4F7556}") = "Tyuiu.NenashevAD.Lab1.TaskReview.V16", "Tyuiu.NenashevAD.Lab1TaskReview.V16\Tyuiu.NenashevAD.Lab1.TaskReview.V16.csproj", "{11B5617C-8F59-4765-906C-A5B8EB150AC3}"
EndProject
Global
	GlobalSection(SolutionConfigurationPlatforms) = preSolution
		Debug|Any CPU = Debug|Any CPU
		Release|Any CPU = Release|Any CPU
	EndGlobalSection
	GlobalSection(ProjectConfigurationPlatforms) = postSolution
		{089833E1-D337-4E14-A69F-99634731936B}.Debug|Any CPU.ActiveCfg = Debug|Any CPU
		{089833E1-D337-4E14-A69F-99634731936B}.Debug|Any CPU.Build.0 = Debug|Any CPU
		{089833E1-D337-4E14-A69F-99634731936B}.Release|Any CPU.ActiveCfg = Release|Any CPU
		{089833E1-D337-4E14-A69F-99634731936B}.Release|Any CPU.Build.0 = Release|Any CPU
		{438026AE-4AA0-4016-A65F-2DDAF17E2809}.Debug|Any CPU.ActiveCfg = Debug|Any CPU
		{438026AE-4AA0-4016-A65F-2DDAF17E2809}.Debug|Any CPU.Build.0 = Debug|Any CPU
		{438026AE-4AA0-4016-A65F-2DDAF17E2809}.Release|Any CPU.ActiveCfg = Release|Any CPU
		{438026AE-4AA0-4016-A65F-2DDAF17E2809}.Release|Any CPU.Build.0 = Release|Any CPU
		{11B5617C-8F59-4765-906C-A5B8EB150AC3}.Debug|Any CPU.ActiveCfg = Debug|Any CPU
		{11B5617C-8F59-4765-906C-A5B8EB150AC3}.Debug|Any CPU.Build.0 = Debug|Any CPU
		{11B5617C-8F59-4765-906C-A5B8EB150AC3}.Release|Any CPU.ActiveCfg = Release|Any CPU
		{11B5617C-8F59-4765-906C-A5B8EB150AC3}.Release|Any CPU.Build.0 = Release|Any CPU
	EndGlobalSection
	GlobalSection(SolutionProperties) = preSolution
		HideSolutionNode = FALSE
	EndGlobalSection
	GlobalSection(NestedProjects) = preSolution
		{089833E1-D337-4E14-A69F-99634731936B} = {217F2CD7-37AC-4F52-B5E6-CC1E6162957A}
		{438026AE-4AA0-4016-A65F-2DDAF17E2809} = {217F2CD7-37AC-4F52-B5E6-CC1E6162957A}
		{11B5617C-8F59-4765-906C-A5B8EB150AC3} = {217F2CD7-37AC-4F52-B5E6-CC1E6162957A}
	EndGlobalSection
	GlobalSection(ExtensibilityGlobals) = postSolution
		SolutionGuid = {68E7C2A9-8EA1-4C6B-A853-7E1D35F03615}
	EndGlobalSection
EndGlobal
